
Microsoft Visual Studio Solution File, Format Version 12.00
# Visual Studio Version 16
VisualStudioVersion = 16.0.29418.71
MinimumVisualStudioVersion = 10.0.40219.1
Project("{FAE04EC0-301F-11D3-BF4B-00C04F79EFBC}") = "UniqueEmailService", "UniqueEmailService.csproj", "{FDDA504A-1F84-4D13-9A70-09C8E0B20902}"
EndProject
Global
	GlobalSection(SolutionConfigurationPlatforms) = preSolution
		Debug|Any CPU = Debug|Any CPU
		Release|Any CPU = Release|Any CPU
	EndGlobalSection
	GlobalSection(ProjectConfigurationPlatforms) = postSolution
		{FDDA504A-1F84-4D13-9A70-09C8E0B20902}.Debug|Any CPU.ActiveCfg = Debug|Any CPU
		{FDDA504A-1F84-4D13-9A70-09C8E0B20902}.Debug|Any CPU.Build.0 = Debug|Any CPU
		{FDDA504A-1F84-4D13-9A70-09C8E0B20902}.Release|Any CPU.ActiveCfg = Release|Any CPU
		{FDDA504A-1F84-4D13-9A70-09C8E0B20902}.Release|Any CPU.Build.0 = Release|Any CPU
	EndGlobalSection
	GlobalSection(SolutionProperties) = preSolution
		HideSolutionNode = FALSE
	EndGlobalSection
	GlobalSection(ExtensibilityGlobals) = postSolution
		SolutionGuid = {4E4ECE02-3531-4C2F-88AC-765A8AD56BD0}
	EndGlobalSection
EndGlobal
